// !$*UTF8*$!
{
	archiveVersion = 1;
	classes = {
	};
	objectVersion = 77;
	objects = {

/* Begin PBXContainerItemProxy section */
		6EF289982DA8576F00902B5C /* PBXContainerItemProxy */ = {
			isa = PBXContainerItemProxy;
			containerPortal = 6EF2897F2DA8576C00902B5C /* Project object */;
			proxyType = 1;
			remoteGlobalIDString = 6EF289862DA8576D00902B5C;
			remoteInfo = "Guess the Flag";
		};
		6EF289A22DA8576F00902B5C /* PBXContainerItemProxy */ = {
			isa = PBXContainerItemProxy;
			containerPortal = 6EF2897F2DA8576C00902B5C /* Project object */;
			proxyType = 1;
			remoteGlobalIDString = 6EF289862DA8576D00902B5C;
			remoteInfo = "Guess the Flag";
		};
/* End PBXContainerItemProxy section */

/* Begin PBXFileReference section */
		6EF289872DA8576D00902B5C /* Guess the Flag.app */ = {isa = PBXFileReference; explicitFileType = wrapper.application; includeInIndex = 0; path = "Guess the Flag.app"; sourceTree = BUILT_PRODUCTS_DIR; };
		6EF289972DA8576F00902B5C /* Guess the FlagTests.xctest */ = {isa = PBXFileReference; explicitFileType = wrapper.cfbundle; includeInIndex = 0; path = "Guess the FlagTests.xctest"; sourceTree = BUILT_PRODUCTS_DIR; };
		6EF289A12DA8576F00902B5C /* Guess the FlagUITests.xctest */ = {isa = PBXFileReference; explicitFileType = wrapper.cfbundle; includeInIndex = 0; path = "Guess the FlagUITests.xctest"; sourceTree = BUILT_PRODUCTS_DIR; };
/* End PBXFileReference section */

/* Begin PBXFileSystemSynchronizedRootGroup section */
		6EF289892DA8576D00902B5C /* Guess the Flag */ = {
			isa = PBXFileSystemSynchronizedRootGroup;
			path = "Guess the Flag";
			sourceTree = "<group>";
		};
		6EF2899A2DA8576F00902B5C /* Guess the FlagTests */ = {
			isa = PBXFileSystemSynchronizedRootGroup;
			path = "Guess the FlagTests";
			sourceTree = "<group>";
		};
		6EF289A42DA8576F00902B5C /* Guess the FlagUITests */ = {
			isa = PBXFileSystemSynchronizedRootGroup;
			path = "Guess the FlagUITests";
			sourceTree = "<group>";
		};
/* End PBXFileSystemSynchronizedRootGroup section */

/* Begin PBXFrameworksBuildPhase section */
		6EF289842DA8576D00902B5C /* Frameworks */ = {
			isa = PBXFrameworksBuildPhase;
			buildActionMask = 2147483647;
			files = (
			);
			runOnlyForDeploymentPostprocessing = 0;
		};
		6EF289942DA8576F00902B5C /* Frameworks */ = {
			isa = PBXFrameworksBuildPhase;
			buildActionMask = 2147483647;
			files = (
			);
			runOnlyForDeploymentPostprocessing = 0;
		};
		6EF2899E2DA8576F00902B5C /* Frameworks */ = {
			isa = PBXFrameworksBuildPhase;
			buildActionMask = 2147483647;
			files = (
			);
			runOnlyForDeploymentPostprocessing = 0;
		};
/* End PBXFrameworksBuildPhase section */

/* Begin PBXGroup section */
		6EF2897E2DA8576C00902B5C = {
			isa = PBXGroup;
			children = (
				6EF289892DA8576D00902B5C /* Guess the Flag */,
				6EF2899A2DA8576F00902B5C /* Guess the FlagTests */,
				6EF289A42DA8576F00902B5C /* Guess the FlagUITests */,
				6EF289882DA8576D00902B5C /* Products */,
			);
			sourceTree = "<group>";
		};
		6EF289882DA8576D00902B5C /* Products */ = {
			isa = PBXGroup;
			children = (
				6EF289872DA8576D00902B5C /* Guess the Flag.app */,
				6EF289972DA8576F00902B5C /* Guess the FlagTests.xctest */,
				6EF289A12DA8576F00902B5C /* Guess the FlagUITests.xctest */,
			);
			name = Products;
			sourceTree = "<group>";
		};
/* End PBXGroup section */

/* Begin PBXNativeTarget section */
		6EF289862DA8576D00902B5C /* Guess the Flag */ = {
			isa = PBXNativeTarget;
			buildConfigurationList = 6EF289AB2DA8576F00902B5C /* Build configuration list for PBXNativeTarget "Guess the Flag" */;
			buildPhases = (
				6EF289832DA8576D00902B5C /* Sources */,
				6EF289842DA8576D00902B5C /* Frameworks */,
				6EF289852DA8576D00902B5C /* Resources */,
			);
			buildRules = (
			);
			dependencies = (
			);
			fileSystemSynchronizedGroups = (
				6EF289892DA8576D00902B5C /* Guess the Flag */,
			);
			name = "Guess the Flag";
			packageProductDependencies = (
			);
			productName = "Guess the Flag";
			productReference = 6EF289872DA8576D00902B5C /* Guess the Flag.app */;
			productType = "com.apple.product-type.application";
		};
		6EF289962DA8576F00902B5C /* Guess the FlagTests */ = {
			isa = PBXNativeTarget;
			buildConfigurationList = 6EF289AE2DA8576F00902B5C /* Build configuration list for PBXNativeTarget "Guess the FlagTests" */;
			buildPhases = (
				6EF289932DA8576F00902B5C /* Sources */,
				6EF289942DA8576F00902B5C /* Frameworks */,
				6EF289952DA8576F00902B5C /* Resources */,
			);
			buildRules = (
			);
			dependencies = (
				6EF289992DA8576F00902B5C /* PBXTargetDependency */,
			);
			fileSystemSynchronizedGroups = (
				6EF2899A2DA8576F00902B5C /* Guess the FlagTests */,
			);
			name = "Guess the FlagTests";
			packageProductDependencies = (
			);
			productName = "Guess the FlagTests";
			productReference = 6EF289972DA8576F00902B5C /* Guess the FlagTests.xctest */;
			productType = "com.apple.product-type.bundle.unit-test";
		};
		6EF289A02DA8576F00902B5C /* Guess the FlagUITests */ = {
			isa = PBXNativeTarget;
			buildConfigurationList = 6EF289B12DA8576F00902B5C /* Build configuration list for PBXNativeTarget "Guess the FlagUITests" */;
			buildPhases = (
				6EF2899D2DA8576F00902B5C /* Sources */,
				6EF2899E2DA8576F00902B5C /* Frameworks */,
				6EF2899F2DA8576F00902B5C /* Resources */,
			);
			buildRules = (
			);
			dependencies = (
				6EF289A32DA8576F00902B5C /* PBXTargetDependency */,
			);
			fileSystemSynchronizedGroups = (
				6EF289A42DA8576F00902B5C /* Guess the FlagUITests */,
			);
			name = "Guess the FlagUITests";
			packageProductDependencies = (
			);
			productName = "Guess the FlagUITests";
			productReference = 6EF289A12DA8576F00902B5C /* Guess the FlagUITests.xctest */;
			productType = "com.apple.product-type.bundle.ui-testing";
		};
/* End PBXNativeTarget section */

/* Begin PBXProject section */
		6EF2897F2DA8576C00902B5C /* Project object */ = {
			isa = PBXProject;
			attributes = {
				BuildIndependentTargetsInParallel = 1;
				LastSwiftUpdateCheck = 1620;
				LastUpgradeCheck = 1620;
				TargetAttributes = {
					6EF289862DA8576D00902B5C = {
						CreatedOnToolsVersion = 16.2;
					};
					6EF289962DA8576F00902B5C = {
						CreatedOnToolsVersion = 16.2;
						TestTargetID = 6EF289862DA8576D00902B5C;
					};
					6EF289A02DA8576F00902B5C = {
						CreatedOnToolsVersion = 16.2;
						TestTargetID = 6EF289862DA8576D00902B5C;
					};
				};
			};
			buildConfigurationList = 6EF289822DA8576C00902B5C /* Build configuration list for PBXProject "Guess the Flag" */;
			developmentRegion = en;
			hasScannedForEncodings = 0;
			knownRegions = (
				en,
				Base,
			);
			mainGroup = 6EF2897E2DA8576C00902B5C;
			minimizedProjectReferenceProxies = 1;
			preferredProjectObjectVersion = 77;
			productRefGroup = 6EF289882DA8576D00902B5C /* Products */;
			projectDirPath = "";
			projectRoot = "";
			targets = (
				6EF289862DA8576D00902B5C /* Guess the Flag */,
				6EF289962DA8576F00902B5C /* Guess the FlagTests */,
				6EF289A02DA8576F00902B5C /* Guess the FlagUITests */,
			);
		};
/* End PBXProject section */

/* Begin PBXResourcesBuildPhase section */
		6EF289852DA8576D00902B5C /* Resources */ = {
			isa = PBXResourcesBuildPhase;
			buildActionMask = 2147483647;
			files = (
			);
			runOnlyForDeploymentPostprocessing = 0;
		};
		6EF289952DA8576F00902B5C /* Resources */ = {
			isa = PBXResourcesBuildPhase;
			buildActionMask = 2147483647;
			files = (
			);
			runOnlyForDeploymentPostprocessing = 0;
		};
		6EF2899F2DA8576F00902B5C /* Resources */ = {
			isa = PBXResourcesBuildPhase;
			buildActionMask = 2147483647;
			files = (
			);
			runOnlyForDeploymentPostprocessing = 0;
		};
/* End PBXResourcesBuildPhase section */

/* Begin PBXSourcesBuildPhase section */
		6EF289832DA8576D00902B5C /* Sources */ = {
			isa = PBXSourcesBuildPhase;
			buildActionMask = 2147483647;
			files = (
			);
			runOnlyForDeploymentPostprocessing = 0;
		};
		6EF289932DA8576F00902B5C /* Sources */ = {
			isa = PBXSourcesBuildPhase;
			buildActionMask = 2147483647;
			files = (
			);
			runOnlyForDeploymentPostprocessing = 0;
		};
		6EF2899D2DA8576F00902B5C /* Sources */ = {
			isa = PBXSourcesBuildPhase;
			buildActionMask = 2147483647;
			files = (
			);
			runOnlyForDeploymentPostprocessing = 0;
		};
/* End PBXSourcesBuildPhase section */

/* Begin PBXTargetDependency section */
		6EF289992DA8576F00902B5C /* PBXTargetDependency */ = {
			isa = PBXTargetDependency;
			target = 6EF289862DA8576D00902B5C /* Guess the Flag */;
			targetProxy = 6EF289982DA8576F00902B5C /* PBXContainerItemProxy */;
		};
		6EF289A32DA8576F00902B5C /* PBXTargetDependency */ = {
			isa = PBXTargetDependency;
			target = 6EF289862DA8576D00902B5C /* Guess the Flag */;
			targetProxy = 6EF289A22DA8576F00902B5C /* PBXContainerItemProxy */;
		};
/* End PBXTargetDependency section */

/* Begin XCBuildConfiguration section */
		6EF289A92DA8576F00902B5C /* Debug */ = {
			isa = XCBuildConfiguration;
			buildSettings = {
				ALWAYS_SEARCH_USER_PATHS = NO;
				ASSETCATALOG_COMPILER_GENERATE_SWIFT_ASSET_SYMBOL_EXTENSIONS = YES;
				CLANG_ANALYZER_NONNULL = YES;
				CLANG_ANALYZER_NUMBER_OBJECT_CONVERSION = YES_AGGRESSIVE;
				CLANG_CXX_LANGUAGE_STANDARD = "gnu++20";
				CLANG_ENABLE_MODULES = YES;
				CLANG_ENABLE_OBJC_ARC = YES;
				CLANG_ENABLE_OBJC_WEAK = YES;
				CLANG_WARN_BLOCK_CAPTURE_AUTORELEASING = YES;
				CLANG_WARN_BOOL_CONVERSION = YES;
				CLANG_WARN_COMMA = YES;
				CLANG_WARN_CONSTANT_CONVERSION = YES;
				CLANG_WARN_DEPRECATED_OBJC_IMPLEMENTATIONS = YES;
				CLANG_WARN_DIRECT_OBJC_ISA_USAGE = YES_ERROR;
				CLANG_WARN_DOCUMENTATION_COMMENTS = YES;
				CLANG_WARN_EMPTY_BODY = YES;
				CLANG_WARN_ENUM_CONVERSION = YES;
				CLANG_WARN_INFINITE_RECURSION = YES;
				CLANG_WARN_INT_CONVERSION = YES;
				CLANG_WARN_NON_LITERAL_NULL_CONVERSION = YES;
				CLANG_WARN_OBJC_IMPLICIT_RETAIN_SELF = YES;
				CLANG_WARN_OBJC_LITERAL_CONVERSION = YES;
				CLANG_WARN_OBJC_ROOT_CLASS = YES_ERROR;
				CLANG_WARN_QUOTED_INCLUDE_IN_FRAMEWORK_HEADER = YES;
				CLANG_WARN_RANGE_LOOP_ANALYSIS = YES;
				CLANG_WARN_STRICT_PROTOTYPES = YES;
				CLANG_WARN_SUSPICIOUS_MOVE = YES;
				CLANG_WARN_UNGUARDED_AVAILABILITY = YES_AGGRESSIVE;
				CLANG_WARN_UNREACHABLE_CODE = YES;
				CLANG_WARN__DUPLICATE_METHOD_MATCH = YES;
				COPY_PHASE_STRIP = NO;
				DEBUG_INFORMATION_FORMAT = dwarf;
				ENABLE_STRICT_OBJC_MSGSEND = YES;
				ENABLE_TESTABILITY = YES;
				ENABLE_USER_SCRIPT_SANDBOXING = YES;
				GCC_C_LANGUAGE_STANDARD = gnu17;
				GCC_DYNAMIC_NO_PIC = NO;
				GCC_NO_COMMON_BLOCKS = YES;
				GCC_OPTIMIZATION_LEVEL = 0;
				GCC_PREPROCESSOR_DEFINITIONS = (
					"DEBUG=1",
					"$(inherited)",
				);
				GCC_WARN_64_TO_32_BIT_CONVERSION = YES;
				GCC_WARN_ABOUT_RETURN_TYPE = YES_ERROR;
				GCC_WARN_UNDECLARED_SELECTOR = YES;
				GCC_WARN_UNINITIALIZED_AUTOS = YES_AGGRESSIVE;
				GCC_WARN_UNUSED_FUNCTION = YES;
				GCC_WARN_UNUSED_VARIABLE = YES;
				IPHONEOS_DEPLOYMENT_TARGET = 18.2;
				LOCALIZATION_PREFERS_STRING_CATALOGS = YES;
				MTL_ENABLE_DEBUG_INFO = INCLUDE_SOURCE;
				MTL_FAST_MATH = YES;
				ONLY_ACTIVE_ARCH = YES;
				SDKROOT = iphoneos;
				SWIFT_ACTIVE_COMPILATION_CONDITIONS = "DEBUG $(inherited)";
				SWIFT_OPTIMIZATION_LEVEL = "-Onone";
			};
			name = Debug;
		};
		6EF289AA2DA8576F00902B5C /* Release */ = {
			isa = XCBuildConfiguration;
			buildSettings = {
				ALWAYS_SEARCH_USER_PATHS = NO;
				ASSETCATALOG_COMPILER_GENERATE_SWIFT_ASSET_SYMBOL_EXTENSIONS = YES;
				CLANG_ANALYZER_NONNULL = YES;
				CLANG_ANALYZER_NUMBER_OBJECT_CONVERSION = YES_AGGRESSIVE;
				CLANG_CXX_LANGUAGE_STANDARD = "gnu++20";
				CLANG_ENABLE_MODULES = YES;
				CLANG_ENABLE_OBJC_ARC = YES;
				CLANG_ENABLE_OBJC_WEAK = YES;
				CLANG_WARN_BLOCK_CAPTURE_AUTORELEASING = YES;
				CLANG_WARN_BOOL_CONVERSION = YES;
				CLANG_WARN_COMMA = YES;
				CLANG_WARN_CONSTANT_CONVERSION = YES;
				CLANG_WARN_DEPRECATED_OBJC_IMPLEMENTATIONS = YES;
				CLANG_WARN_DIRECT_OBJC_ISA_USAGE = YES_ERROR;
				CLANG_WARN_DOCUMENTATION_COMMENTS = YES;
				CLANG_WARN_EMPTY_BODY = YES;
				CLANG_WARN_ENUM_CONVERSION = YES;
				CLANG_WARN_INFINITE_RECURSION = YES;
				CLANG_WARN_INT_CONVERSION = YES;
				CLANG_WARN_NON_LITERAL_NULL_CONVERSION = YES;
				CLANG_WARN_OBJC_IMPLICIT_RETAIN_SELF = YES;
				CLANG_WARN_OBJC_LITERAL_CONVERSION = YES;
				CLANG_WARN_OBJC_ROOT_CLASS = YES_ERROR;
				CLANG_WARN_QUOTED_INCLUDE_IN_FRAMEWORK_HEADER = YES;
				CLANG_WARN_RANGE_LOOP_ANALYSIS = YES;
				CLANG_WARN_STRICT_PROTOTYPES = YES;
				CLANG_WARN_SUSPICIOUS_MOVE = YES;
				CLANG_WARN_UNGUARDED_AVAILABILITY = YES_AGGRESSIVE;
				CLANG_WARN_UNREACHABLE_CODE = YES;
				CLANG_WARN__DUPLICATE_METHOD_MATCH = YES;
				COPY_PHASE_STRIP = NO;
				DEBUG_INFORMATION_FORMAT = "dwarf-with-dsym";
				ENABLE_NS_ASSERTIONS = NO;
				ENABLE_STRICT_OBJC_MSGSEND = YES;
				ENABLE_USER_SCRIPT_SANDBOXING = YES;
				GCC_C_LANGUAGE_STANDARD = gnu17;
				GCC_NO_COMMON_BLOCKS = YES;
				GCC_WARN_64_TO_32_BIT_CONVERSION = YES;
				GCC_WARN_ABOUT_RETURN_TYPE = YES_ERROR;
				GCC_WARN_UNDECLARED_SELECTOR = YES;
				GCC_WARN_UNINITIALIZED_AUTOS = YES_AGGRESSIVE;
				GCC_WARN_UNUSED_FUNCTION = YES;
				GCC_WARN_UNUSED_VARIABLE = YES;
				IPHONEOS_DEPLOYMENT_TARGET = 18.2;
				LOCALIZATION_PREFERS_STRING_CATALOGS = YES;
				MTL_ENABLE_DEBUG_INFO = NO;
				MTL_FAST_MATH = YES;
				SDKROOT = iphoneos;
				SWIFT_COMPILATION_MODE = wholemodule;
				VALIDATE_PRODUCT = YES;
			};
			name = Release;
		};
		6EF289AC2DA8576F00902B5C /* Debug */ = {
			isa = XCBuildConfiguration;
			buildSettings = {
				ASSETCATALOG_COMPILER_APPICON_NAME = AppIcon;
				ASSETCATALOG_COMPILER_GLOBAL_ACCENT_COLOR_NAME = AccentColor;
				CODE_SIGN_STYLE = Automatic;
				CURRENT_PROJECT_VERSION = 1;
				DEVELOPMENT_ASSET_PATHS = "\"Guess the Flag/Preview Content\"";
				DEVELOPMENT_TEAM = 67RWFX44M8;
				ENABLE_PREVIEWS = YES;
				GENERATE_INFOPLIST_FILE = YES;
				INFOPLIST_KEY_UIApplicationSceneManifest_Generation = YES;
				INFOPLIST_KEY_UIApplicationSupportsIndirectInputEvents = YES;
				INFOPLIST_KEY_UILaunchScreen_Generation = YES;
				INFOPLIST_KEY_UISupportedInterfaceOrientations_iPad = "UIInterfaceOrientationPortrait UIInterfaceOrientationPortraitUpsideDown UIInterfaceOrientationLandscapeLeft UIInterfaceOrientationLandscapeRight";
				INFOPLIST_KEY_UISupportedInterfaceOrientations_iPhone = "UIInterfaceOrientationPortrait UIInterfaceOrientationLandscapeLeft UIInterfaceOrientationLandscapeRight";
				LD_RUNPATH_SEARCH_PATHS = (
					"$(inherited)",
					"@executable_path/Frameworks",
				);
				MARKETING_VERSION = 1.0;
				PRODUCT_BUNDLE_IDENTIFIER = "com.kotomoon.Guess-the-Flag";
				PRODUCT_NAME = "$(TARGET_NAME)";
				SWIFT_EMIT_LOC_STRINGS = YES;
				SWIFT_VERSION = 5.0;
				TARGETED_DEVICE_FAMILY = "1,2";
			};
			name = Debug;
		};
		6EF289AD2DA8576F00902B5C /* Release */ = {
			isa = XCBuildConfiguration;
			buildSettings = {
				ASSETCATALOG_COMPILER_APPICON_NAME = AppIcon;
				ASSETCATALOG_COMPILER_GLOBAL_ACCENT_COLOR_NAME = AccentColor;
				CODE_SIGN_STYLE = Automatic;
				CURRENT_PROJECT_VERSION = 1;
				DEVELOPMENT_ASSET_PATHS = "\"Guess the Flag/Preview Content\"";
				DEVELOPMENT_TEAM = 67RWFX44M8;
				ENABLE_PREVIEWS = YES;
				GENERATE_INFOPLIST_FILE = YES;
				INFOPLIST_KEY_UIApplicationSceneManifest_Generation = YES;
				INFOPLIST_KEY_UIApplicationSupportsIndirectInputEvents = YES;
				INFOPLIST_KEY_UILaunchScreen_Generation = YES;
				INFOPLIST_KEY_UISupportedInterfaceOrientations_iPad = "UIInterfaceOrientationPortrait UIInterfaceOrientationPortraitUpsideDown UIInterfaceOrientationLandscapeLeft UIInterfaceOrientationLandscapeRight";
				INFOPLIST_KEY_UISupportedInterfaceOrientations_iPhone = "UIInterfaceOrientationPortrait UIInterfaceOrientationLandscapeLeft UIInterfaceOrientationLandscapeRight";
				LD_RUNPATH_SEARCH_PATHS = (
					"$(inherited)",
					"@executable_path/Frameworks",
				);
				MARKETING_VERSION = 1.0;
				PRODUCT_BUNDLE_IDENTIFIER = "com.kotomoon.Guess-the-Flag";
				PRODUCT_NAME = "$(TARGET_NAME)";
				SWIFT_EMIT_LOC_STRINGS = YES;
				SWIFT_VERSION = 5.0;
				TARGETED_DEVICE_FAMILY = "1,2";
			};
			name = Release;
		};
		6EF289AF2DA8576F00902B5C /* Debug */ = {
			isa = XCBuildConfiguration;
			buildSettings = {
				BUNDLE_LOADER = "$(TEST_HOST)";
				CODE_SIGN_STYLE = Automatic;
				CURRENT_PROJECT_VERSION = 1;
				DEVELOPMENT_TEAM = 67RWFX44M8;
				GENERATE_INFOPLIST_FILE = YES;
				IPHONEOS_DEPLOYMENT_TARGET = 18.2;
				MARKETING_VERSION = 1.0;
				PRODUCT_BUNDLE_IDENTIFIER = "com.kotomoon.Guess-the-FlagTests";
				PRODUCT_NAME = "$(TARGET_NAME)";
				SWIFT_EMIT_LOC_STRINGS = NO;
				SWIFT_VERSION = 5.0;
				TARGETED_DEVICE_FAMILY = "1,2";
				TEST_HOST = "$(BUILT_PRODUCTS_DIR)/Guess the Flag.app/$(BUNDLE_EXECUTABLE_FOLDER_PATH)/Guess the Flag";
			};
			name = Debug;
		};
		6EF289B02DA8576F00902B5C /* Release */ = {
			isa = XCBuildConfiguration;
			buildSettings = {
				BUNDLE_LOADER = "$(TEST_HOST)";
				CODE_SIGN_STYLE = Automatic;
				CURRENT_PROJECT_VERSION = 1;
				DEVELOPMENT_TEAM = 67RWFX44M8;
				GENERATE_INFOPLIST_FILE = YES;
				IPHONEOS_DEPLOYMENT_TARGET = 18.2;
				MARKETING_VERSION = 1.0;
				PRODUCT_BUNDLE_IDENTIFIER = "com.kotomoon.Guess-the-FlagTests";
				PRODUCT_NAME = "$(TARGET_NAME)";
				SWIFT_EMIT_LOC_STRINGS = NO;
				SWIFT_VERSION = 5.0;
				TARGETED_DEVICE_FAMILY = "1,2";
				TEST_HOST = "$(BUILT_PRODUCTS_DIR)/Guess the Flag.app/$(BUNDLE_EXECUTABLE_FOLDER_PATH)/Guess the Flag";
			};
			name = Release;
		};
		6EF289B22DA8576F00902B5C /* Debug */ = {
			isa = XCBuildConfiguration;
			buildSettings = {
				CODE_SIGN_STYLE = Automatic;
				CURRENT_PROJECT_VERSION = 1;
				DEVELOPMENT_TEAM = 67RWFX44M8;
				GENERATE_INFOPLIST_FILE = YES;
				MARKETING_VERSION = 1.0;
				PRODUCT_BUNDLE_IDENTIFIER = "com.kotomoon.Guess-the-FlagUITests";
				PRODUCT_NAME = "$(TARGET_NAME)";
				SWIFT_EMIT_LOC_STRINGS = NO;
				SWIFT_VERSION = 5.0;
				TARGETED_DEVICE_FAMILY = "1,2";
				TEST_TARGET_NAME = "Guess the Flag";
			};
			name = Debug;
		};
		6EF289B32DA8576F00902B5C /* Release */ = {
			isa = XCBuildConfiguration;
			buildSettings = {
				CODE_SIGN_STYLE = Automatic;
				CURRENT_PROJECT_VERSION = 1;
				DEVELOPMENT_TEAM = 67RWFX44M8;
				GENERATE_INFOPLIST_FILE = YES;
				MARKETING_VERSION = 1.0;
				PRODUCT_BUNDLE_IDENTIFIER = "com.kotomoon.Guess-the-FlagUITests";
				PRODUCT_NAME = "$(TARGET_NAME)";
				SWIFT_EMIT_LOC_STRINGS = NO;
				SWIFT_VERSION = 5.0;
				TARGETED_DEVICE_FAMILY = "1,2";
				TEST_TARGET_NAME = "Guess the Flag";
			};
			name = Release;
		};
/* End XCBuildConfiguration section */

/* Begin XCConfigurationList section */
		6EF289822DA8576C00902B5C /* Build configuration list for PBXProject "Guess the Flag" */ = {
			isa = XCConfigurationList;
			buildConfigurations = (
				6EF289A92DA8576F00902B5C /* Debug */,
				6EF289AA2DA8576F00902B5C /* Release */,
			);
			defaultConfigurationIsVisible = 0;
			defaultConfigurationName = Release;
		};
		6EF289AB2DA8576F00902B5C /* Build configuration list for PBXNativeTarget "Guess the Flag" */ = {
			isa = XCConfigurationList;
			buildConfigurations = (
				6EF289AC2DA8576F00902B5C /* Debug */,
				6EF289AD2DA8576F00902B5C /* Release */,
			);
			defaultConfigurationIsVisible = 0;
			defaultConfigurationName = Release;
		};
		6EF289AE2DA8576F00902B5C /* Build configuration list for PBXNativeTarget "Guess the FlagTests" */ = {
			isa = XCConfigurationList;
			buildConfigurations = (
				6EF289AF2DA8576F00902B5C /* Debug */,
				6EF289B02DA8576F00902B5C /* Release */,
			);
			defaultConfigurationIsVisible = 0;
			defaultConfigurationName = Release;
		};
		6EF289B12DA8576F00902B5C /* Build configuration list for PBXNativeTarget "Guess the FlagUITests" */ = {
			isa = XCConfigurationList;
			buildConfigurations = (
				6EF289B22DA8576F00902B5C /* Debug */,
				6EF289B32DA8576F00902B5C /* Release */,
			);
			defaultConfigurationIsVisible = 0;
			defaultConfigurationName = Release;
		};
/* End XCConfigurationList section */
	};
	rootObject = 6EF2897F2DA8576C00902B5C /* Project object */;
}
